
Microsoft Visual Studio Solution File, Format Version 12.00
# Visual Studio Version 16
VisualStudioVersion = 16.0.32106.194
MinimumVisualStudioVersion = 10.0.40219.1
Project("{FAE04EC0-301F-11D3-BF4B-00C04F79EFBC}") = "LoopsAndRandomNumbers", "LoopsAndRandomNumbers\LoopsAndRandomNumbers.csproj", "{62FE0CCA-6759-4405-B4C1-7A63B9C1E6C3}"
EndProject
Project("{FAE04EC0-301F-11D3-BF4B-00C04F79EFBC}") = "PINInfiniteLoop", "PINInfiniteLoop\PINInfiniteLoop.csproj", "{35B06E9F-CEB7-43B1-B5C2-73951B471FF5}"
EndProject
Project("{FAE04EC0-301F-11D3-BF4B-00C04F79EFBC}") = "RandomNumber", "RandomNumber\RandomNumber.csproj", "{155189D8-2827-4DA0-A09C-8B8878E54A23}"
EndProject
Project("{FAE04EC0-301F-11D3-BF4B-00C04F79EFBC}") = "GuessingGameInfinite", "GuessingGameInfinite\GuessingGameInfinite.csproj", "{019C1D01-FAFB-48E9-99C3-1543BDF3E101}"
EndProject
Global
	GlobalSection(SolutionConfigurationPlatforms) = preSolution
		Debug|Any CPU = Debug|Any CPU
		Release|Any CPU = Release|Any CPU
	EndGlobalSection
	GlobalSection(ProjectConfigurationPlatforms) = postSolution
		{62FE0CCA-6759-4405-B4C1-7A63B9C1E6C3}.Debug|Any CPU.ActiveCfg = Debug|Any CPU
		{62FE0CCA-6759-4405-B4C1-7A63B9C1E6C3}.Debug|Any CPU.Build.0 = Debug|Any CPU
		{62FE0CCA-6759-4405-B4C1-7A63B9C1E6C3}.Release|Any CPU.ActiveCfg = Release|Any CPU
		{62FE0CCA-6759-4405-B4C1-7A63B9C1E6C3}.Release|Any CPU.Build.0 = Release|Any CPU
		{35B06E9F-CEB7-43B1-B5C2-73951B471FF5}.Debug|Any CPU.ActiveCfg = Debug|Any CPU
		{35B06E9F-CEB7-43B1-B5C2-73951B471FF5}.Debug|Any CPU.Build.0 = Debug|Any CPU
		{35B06E9F-CEB7-43B1-B5C2-73951B471FF5}.Release|Any CPU.ActiveCfg = Release|Any CPU
		{35B06E9F-CEB7-43B1-B5C2-73951B471FF5}.Release|Any CPU.Build.0 = Release|Any CPU
		{155189D8-2827-4DA0-A09C-8B8878E54A23}.Debug|Any CPU.ActiveCfg = Debug|Any CPU
		{155189D8-2827-4DA0-A09C-8B8878E54A23}.Debug|Any CPU.Build.0 = Debug|Any CPU
		{155189D8-2827-4DA0-A09C-8B8878E54A23}.Release|Any CPU.ActiveCfg = Release|Any CPU
		{155189D8-2827-4DA0-A09C-8B8878E54A23}.Release|Any CPU.Build.0 = Release|Any CPU
		{019C1D01-FAFB-48E9-99C3-1543BDF3E101}.Debug|Any CPU.ActiveCfg = Debug|Any CPU
		{019C1D01-FAFB-48E9-99C3-1543BDF3E101}.Debug|Any CPU.Build.0 = Debug|Any CPU
		{019C1D01-FAFB-48E9-99C3-1543BDF3E101}.Release|Any CPU.ActiveCfg = Release|Any CPU
		{019C1D01-FAFB-48E9-99C3-1543BDF3E101}.Release|Any CPU.Build.0 = Release|Any CPU
	EndGlobalSection
	GlobalSection(SolutionProperties) = preSolution
		HideSolutionNode = FALSE
	EndGlobalSection
	GlobalSection(ExtensibilityGlobals) = postSolution
		SolutionGuid = {A22297A4-C5BD-4F28-8480-E113D4682D5F}
	EndGlobalSection
EndGlobal
